
Microsoft Visual Studio Solution File, Format Version 12.00
# Visual Studio Version 17
VisualStudioVersion = 17.4.33205.214
MinimumVisualStudioVersion = 10.0.40219.1
Project("{FAE04EC0-301F-11D3-BF4B-00C04F79EFBC}") = "introEntity", "introEntity\introEntity.csproj", "{D3D64B62-72B7-4145-8157-0435F1F3DB04}"
EndProject
Global
	GlobalSection(SolutionConfigurationPlatforms) = preSolution
		Debug|Any CPU = Debug|Any CPU
		Release|Any CPU = Release|Any CPU
	EndGlobalSection
	GlobalSection(ProjectConfigurationPlatforms) = postSolution
		{D3D64B62-72B7-4145-8157-0435F1F3DB04}.Debug|Any CPU.ActiveCfg = Debug|Any CPU
		{D3D64B62-72B7-4145-8157-0435F1F3DB04}.Debug|Any CPU.Build.0 = Debug|Any CPU
		{D3D64B62-72B7-4145-8157-0435F1F3DB04}.Release|Any CPU.ActiveCfg = Release|Any CPU
		{D3D64B62-72B7-4145-8157-0435F1F3DB04}.Release|Any CPU.Build.0 = Release|Any CPU
	EndGlobalSection
	GlobalSection(SolutionProperties) = preSolution
		HideSolutionNode = FALSE
	EndGlobalSection
	GlobalSection(ExtensibilityGlobals) = postSolution
		SolutionGuid = {48A925FD-D5E6-45C6-A598-8A53E5512D76}
	EndGlobalSection
EndGlobal
